
Microsoft Visual Studio Solution File, Format Version 12.00
# Visual Studio Version 17
VisualStudioVersion = 17.14.36603.0 d17.14
MinimumVisualStudioVersion = 10.0.40219.1
Project("{2150E333-8FDC-42A3-9474-1A3956D46DE8}") = "CMakePredefinedTargets", "CMakePredefinedTargets", "{7F26CF40-2510-3EB4-8BCE-67BBBB583366}"
EndProject
Project("{8BC9CEB8-8B4A-11D0-8D11-00A0C91BC942}") = "ALL_BUILD", ".\SOEM\build\ALL_BUILD.vcxproj", "{9B3B0717-99B0-313D-A6A0-ECBF5B03CE3C}"
	ProjectSection(ProjectDependencies) = postProject
		{EDF319C7-1BE4-306C-B055-CB39BF5428FA} = {EDF319C7-1BE4-306C-B055-CB39BF5428FA}
		{AD539F1E-5473-3498-802B-4A6AACB0C0E0} = {AD539F1E-5473-3498-802B-4A6AACB0C0E0}
		{94DE7AE2-4305-32A2-A1D9-962C8477FD80} = {94DE7AE2-4305-32A2-A1D9-962C8477FD80}
		{C831C1F0-3B76-3080-B8C4-151A1890C2B6} = {C831C1F0-3B76-3080-B8C4-151A1890C2B6}
		{71BEF36C-A503-331A-836E-480BFE19A160} = {71BEF36C-A503-331A-836E-480BFE19A160}
		{75CB16B8-2624-3481-8BC4-179E8AF30833} = {75CB16B8-2624-3481-8BC4-179E8AF30833}
		{0928257D-2E86-3AE8-9468-FD19B0552926} = {0928257D-2E86-3AE8-9468-FD19B0552926}
	EndProjectSection
EndProject
Project("{8BC9CEB8-8B4A-11D0-8D11-00A0C91BC942}") = "INSTALL", ".\SOEM\build\INSTALL.vcxproj", "{A01C2EC3-8E34-32A9-A587-6EE10A4A2678}"
	ProjectSection(ProjectDependencies) = postProject
		{9B3B0717-99B0-313D-A6A0-ECBF5B03CE3C} = {9B3B0717-99B0-313D-A6A0-ECBF5B03CE3C}
		{EDF319C7-1BE4-306C-B055-CB39BF5428FA} = {EDF319C7-1BE4-306C-B055-CB39BF5428FA}
	EndProjectSection
EndProject
Project("{8BC9CEB8-8B4A-11D0-8D11-00A0C91BC942}") = "PACKAGE", ".\SOEM\build\PACKAGE.vcxproj", "{3C9363B0-1F0A-366B-A094-34E8EBE322FB}"
	ProjectSection(ProjectDependencies) = postProject
		{9B3B0717-99B0-313D-A6A0-ECBF5B03CE3C} = {9B3B0717-99B0-313D-A6A0-ECBF5B03CE3C}
		{EDF319C7-1BE4-306C-B055-CB39BF5428FA} = {EDF319C7-1BE4-306C-B055-CB39BF5428FA}
	EndProjectSection
EndProject
Project("{8BC9CEB8-8B4A-11D0-8D11-00A0C91BC942}") = "ZERO_CHECK", ".\SOEM\build\ZERO_CHECK.vcxproj", "{EDF319C7-1BE4-306C-B055-CB39BF5428FA}"
EndProject
Project("{8BC9CEB8-8B4A-11D0-8D11-00A0C91BC942}") = "ec_sample", ".\SOEM\build\samples\ec_sample\ec_sample.vcxproj", "{AD539F1E-5473-3498-802B-4A6AACB0C0E0}"
	ProjectSection(ProjectDependencies) = postProject
		{EDF319C7-1BE4-306C-B055-CB39BF5428FA} = {EDF319C7-1BE4-306C-B055-CB39BF5428FA}
		{0928257D-2E86-3AE8-9468-FD19B0552926} = {0928257D-2E86-3AE8-9468-FD19B0552926}
	EndProjectSection
EndProject
Project("{8BC9CEB8-8B4A-11D0-8D11-00A0C91BC942}") = "eepromtool", ".\SOEM\build\samples\eepromtool\eepromtool.vcxproj", "{94DE7AE2-4305-32A2-A1D9-962C8477FD80}"
	ProjectSection(ProjectDependencies) = postProject
		{EDF319C7-1BE4-306C-B055-CB39BF5428FA} = {EDF319C7-1BE4-306C-B055-CB39BF5428FA}
		{0928257D-2E86-3AE8-9468-FD19B0552926} = {0928257D-2E86-3AE8-9468-FD19B0552926}
	EndProjectSection
EndProject
Project("{8BC9CEB8-8B4A-11D0-8D11-00A0C91BC942}") = "firm_update", ".\SOEM\build\samples\firm_update\firm_update.vcxproj", "{C831C1F0-3B76-3080-B8C4-151A1890C2B6}"
	ProjectSection(ProjectDependencies) = postProject
		{EDF319C7-1BE4-306C-B055-CB39BF5428FA} = {EDF319C7-1BE4-306C-B055-CB39BF5428FA}
		{0928257D-2E86-3AE8-9468-FD19B0552926} = {0928257D-2E86-3AE8-9468-FD19B0552926}
	EndProjectSection
EndProject
Project("{8BC9CEB8-8B4A-11D0-8D11-00A0C91BC942}") = "simple_ng", ".\SOEM\build\samples\simple_ng\simple_ng.vcxproj", "{71BEF36C-A503-331A-836E-480BFE19A160}"
	ProjectSection(ProjectDependencies) = postProject
		{EDF319C7-1BE4-306C-B055-CB39BF5428FA} = {EDF319C7-1BE4-306C-B055-CB39BF5428FA}
		{0928257D-2E86-3AE8-9468-FD19B0552926} = {0928257D-2E86-3AE8-9468-FD19B0552926}
	EndProjectSection
EndProject
Project("{8BC9CEB8-8B4A-11D0-8D11-00A0C91BC942}") = "slaveinfo", ".\SOEM\build\samples\slaveinfo\slaveinfo.vcxproj", "{75CB16B8-2624-3481-8BC4-179E8AF30833}"
	ProjectSection(ProjectDependencies) = postProject
		{EDF319C7-1BE4-306C-B055-CB39BF5428FA} = {EDF319C7-1BE4-306C-B055-CB39BF5428FA}
		{0928257D-2E86-3AE8-9468-FD19B0552926} = {0928257D-2E86-3AE8-9468-FD19B0552926}
	EndProjectSection
EndProject
Project("{8BC9CEB8-8B4A-11D0-8D11-00A0C91BC942}") = "soem", ".\SOEM\build\soem.vcxproj", "{0928257D-2E86-3AE8-9468-FD19B0552926}"
	ProjectSection(ProjectDependencies) = postProject
		{EDF319C7-1BE4-306C-B055-CB39BF5428FA} = {EDF319C7-1BE4-306C-B055-CB39BF5428FA}
	EndProjectSection
EndProject
Project("{8BC9CEB8-8B4A-11D0-8D11-00A0C91BC942}") = "soem_wrap", ".\soem_wrap\soem_wrap.vcxproj", "{C61F8126-CE16-4724-A493-5272870C19B0}"
EndProject
Project("{FAE04EC0-301F-11D3-BF4B-00C04F79EFBC}") = "SOEM_FrontEnd", ".\SOEM_FrontEnd\SOEM_FrontEnd.csproj", "{F4B30C37-0D58-DED2-6B9A-9AE9EB3D0B05}"
EndProject
Project("{FAE04EC0-301F-11D3-BF4B-00C04F79EFBC}") = "SOEM_FrontEnd.Desktop", ".\SOEM_FrontEnd.Desktop\SOEM_FrontEnd.Desktop.csproj", "{660AFDC4-0851-42F4-D9A7-757AF978A6AB}"
EndProject
Global
	GlobalSection(SolutionConfigurationPlatforms) = preSolution
		Debug|Any CPU = Debug|Any CPU
		Debug|x64 = Debug|x64
		MinSizeRel|Any CPU = MinSizeRel|Any CPU
		MinSizeRel|x64 = MinSizeRel|x64
		Release|Any CPU = Release|Any CPU
		Release|x64 = Release|x64
		RelWithDebInfo|Any CPU = RelWithDebInfo|Any CPU
		RelWithDebInfo|x64 = RelWithDebInfo|x64
	EndGlobalSection
	GlobalSection(ProjectConfigurationPlatforms) = postSolution
		{9B3B0717-99B0-313D-A6A0-ECBF5B03CE3C}.Debug|Any CPU.ActiveCfg = Debug|x64
		{9B3B0717-99B0-313D-A6A0-ECBF5B03CE3C}.Debug|Any CPU.Build.0 = Debug|x64
		{9B3B0717-99B0-313D-A6A0-ECBF5B03CE3C}.Debug|x64.ActiveCfg = Debug|x64
		{9B3B0717-99B0-313D-A6A0-ECBF5B03CE3C}.Debug|x64.Build.0 = Debug|x64
		{9B3B0717-99B0-313D-A6A0-ECBF5B03CE3C}.MinSizeRel|Any CPU.ActiveCfg = MinSizeRel|x64
		{9B3B0717-99B0-313D-A6A0-ECBF5B03CE3C}.MinSizeRel|Any CPU.Build.0 = MinSizeRel|x64
		{9B3B0717-99B0-313D-A6A0-ECBF5B03CE3C}.MinSizeRel|x64.ActiveCfg = MinSizeRel|x64
		{9B3B0717-99B0-313D-A6A0-ECBF5B03CE3C}.MinSizeRel|x64.Build.0 = MinSizeRel|x64
		{9B3B0717-99B0-313D-A6A0-ECBF5B03CE3C}.Release|Any CPU.ActiveCfg = Release|x64
		{9B3B0717-99B0-313D-A6A0-ECBF5B03CE3C}.Release|Any CPU.Build.0 = Release|x64
		{9B3B0717-99B0-313D-A6A0-ECBF5B03CE3C}.Release|x64.ActiveCfg = Release|x64
		{9B3B0717-99B0-313D-A6A0-ECBF5B03CE3C}.Release|x64.Build.0 = Release|x64
		{9B3B0717-99B0-313D-A6A0-ECBF5B03CE3C}.RelWithDebInfo|Any CPU.ActiveCfg = RelWithDebInfo|x64
		{9B3B0717-99B0-313D-A6A0-ECBF5B03CE3C}.RelWithDebInfo|Any CPU.Build.0 = RelWithDebInfo|x64
		{9B3B0717-99B0-313D-A6A0-ECBF5B03CE3C}.RelWithDebInfo|x64.ActiveCfg = RelWithDebInfo|x64
		{9B3B0717-99B0-313D-A6A0-ECBF5B03CE3C}.RelWithDebInfo|x64.Build.0 = RelWithDebInfo|x64
		{A01C2EC3-8E34-32A9-A587-6EE10A4A2678}.Debug|Any CPU.ActiveCfg = Debug|x64
		{A01C2EC3-8E34-32A9-A587-6EE10A4A2678}.Debug|Any CPU.Build.0 = Debug|x64
		{A01C2EC3-8E34-32A9-A587-6EE10A4A2678}.Debug|x64.ActiveCfg = Debug|x64
		{A01C2EC3-8E34-32A9-A587-6EE10A4A2678}.MinSizeRel|Any CPU.ActiveCfg = MinSizeRel|x64
		{A01C2EC3-8E34-32A9-A587-6EE10A4A2678}.MinSizeRel|Any CPU.Build.0 = MinSizeRel|x64
		{A01C2EC3-8E34-32A9-A587-6EE10A4A2678}.MinSizeRel|x64.ActiveCfg = MinSizeRel|x64
		{A01C2EC3-8E34-32A9-A587-6EE10A4A2678}.Release|Any CPU.ActiveCfg = Release|x64
		{A01C2EC3-8E34-32A9-A587-6EE10A4A2678}.Release|Any CPU.Build.0 = Release|x64
		{A01C2EC3-8E34-32A9-A587-6EE10A4A2678}.Release|x64.ActiveCfg = Release|x64
		{A01C2EC3-8E34-32A9-A587-6EE10A4A2678}.RelWithDebInfo|Any CPU.ActiveCfg = RelWithDebInfo|x64
		{A01C2EC3-8E34-32A9-A587-6EE10A4A2678}.RelWithDebInfo|Any CPU.Build.0 = RelWithDebInfo|x64
		{A01C2EC3-8E34-32A9-A587-6EE10A4A2678}.RelWithDebInfo|x64.ActiveCfg = RelWithDebInfo|x64
		{3C9363B0-1F0A-366B-A094-34E8EBE322FB}.Debug|Any CPU.ActiveCfg = Debug|x64
		{3C9363B0-1F0A-366B-A094-34E8EBE322FB}.Debug|Any CPU.Build.0 = Debug|x64
		{3C9363B0-1F0A-366B-A094-34E8EBE322FB}.Debug|x64.ActiveCfg = Debug|x64
		{3C9363B0-1F0A-366B-A094-34E8EBE322FB}.MinSizeRel|Any CPU.ActiveCfg = MinSizeRel|x64
		{3C9363B0-1F0A-366B-A094-34E8EBE322FB}.MinSizeRel|Any CPU.Build.0 = MinSizeRel|x64
		{3C9363B0-1F0A-366B-A094-34E8EBE322FB}.MinSizeRel|x64.ActiveCfg = MinSizeRel|x64
		{3C9363B0-1F0A-366B-A094-34E8EBE322FB}.Release|Any CPU.ActiveCfg = Release|x64
		{3C9363B0-1F0A-366B-A094-34E8EBE322FB}.Release|Any CPU.Build.0 = Release|x64
		{3C9363B0-1F0A-366B-A094-34E8EBE322FB}.Release|x64.ActiveCfg = Release|x64
		{3C9363B0-1F0A-366B-A094-34E8EBE322FB}.RelWithDebInfo|Any CPU.ActiveCfg = RelWithDebInfo|x64
		{3C9363B0-1F0A-366B-A094-34E8EBE322FB}.RelWithDebInfo|Any CPU.Build.0 = RelWithDebInfo|x64
		{3C9363B0-1F0A-366B-A094-34E8EBE322FB}.RelWithDebInfo|x64.ActiveCfg = RelWithDebInfo|x64
		{EDF319C7-1BE4-306C-B055-CB39BF5428FA}.Debug|Any CPU.ActiveCfg = Debug|x64
		{EDF319C7-1BE4-306C-B055-CB39BF5428FA}.Debug|Any CPU.Build.0 = Debug|x64
		{EDF319C7-1BE4-306C-B055-CB39BF5428FA}.Debug|x64.ActiveCfg = Debug|x64
		{EDF319C7-1BE4-306C-B055-CB39BF5428FA}.Debug|x64.Build.0 = Debug|x64
		{EDF319C7-1BE4-306C-B055-CB39BF5428FA}.MinSizeRel|Any CPU.ActiveCfg = MinSizeRel|x64
		{EDF319C7-1BE4-306C-B055-CB39BF5428FA}.MinSizeRel|Any CPU.Build.0 = MinSizeRel|x64
		{EDF319C7-1BE4-306C-B055-CB39BF5428FA}.MinSizeRel|x64.ActiveCfg = MinSizeRel|x64
		{EDF319C7-1BE4-306C-B055-CB39BF5428FA}.MinSizeRel|x64.Build.0 = MinSizeRel|x64
		{EDF319C7-1BE4-306C-B055-CB39BF5428FA}.Release|Any CPU.ActiveCfg = Release|x64
		{EDF319C7-1BE4-306C-B055-CB39BF5428FA}.Release|Any CPU.Build.0 = Release|x64
		{EDF319C7-1BE4-306C-B055-CB39BF5428FA}.Release|x64.ActiveCfg = Release|x64
		{EDF319C7-1BE4-306C-B055-CB39BF5428FA}.Release|x64.Build.0 = Release|x64
		{EDF319C7-1BE4-306C-B055-CB39BF5428FA}.RelWithDebInfo|Any CPU.ActiveCfg = RelWithDebInfo|x64
		{EDF319C7-1BE4-306C-B055-CB39BF5428FA}.RelWithDebInfo|Any CPU.Build.0 = RelWithDebInfo|x64
		{EDF319C7-1BE4-306C-B055-CB39BF5428FA}.RelWithDebInfo|x64.ActiveCfg = RelWithDebInfo|x64
		{EDF319C7-1BE4-306C-B055-CB39BF5428FA}.RelWithDebInfo|x64.Build.0 = RelWithDebInfo|x64
		{AD539F1E-5473-3498-802B-4A6AACB0C0E0}.Debug|Any CPU.ActiveCfg = Debug|x64
		{AD539F1E-5473-3498-802B-4A6AACB0C0E0}.Debug|Any CPU.Build.0 = Debug|x64
		{AD539F1E-5473-3498-802B-4A6AACB0C0E0}.Debug|x64.ActiveCfg = Debug|x64
		{AD539F1E-5473-3498-802B-4A6AACB0C0E0}.Debug|x64.Build.0 = Debug|x64
		{AD539F1E-5473-3498-802B-4A6AACB0C0E0}.MinSizeRel|Any CPU.ActiveCfg = MinSizeRel|x64
		{AD539F1E-5473-3498-802B-4A6AACB0C0E0}.MinSizeRel|Any CPU.Build.0 = MinSizeRel|x64
		{AD539F1E-5473-3498-802B-4A6AACB0C0E0}.MinSizeRel|x64.ActiveCfg = MinSizeRel|x64
		{AD539F1E-5473-3498-802B-4A6AACB0C0E0}.MinSizeRel|x64.Build.0 = MinSizeRel|x64
		{AD539F1E-5473-3498-802B-4A6AACB0C0E0}.Release|Any CPU.ActiveCfg = Release|x64
		{AD539F1E-5473-3498-802B-4A6AACB0C0E0}.Release|Any CPU.Build.0 = Release|x64
		{AD539F1E-5473-3498-802B-4A6AACB0C0E0}.Release|x64.ActiveCfg = Release|x64
		{AD539F1E-5473-3498-802B-4A6AACB0C0E0}.Release|x64.Build.0 = Release|x64
		{AD539F1E-5473-3498-802B-4A6AACB0C0E0}.RelWithDebInfo|Any CPU.ActiveCfg = RelWithDebInfo|x64
		{AD539F1E-5473-3498-802B-4A6AACB0C0E0}.RelWithDebInfo|Any CPU.Build.0 = RelWithDebInfo|x64
		{AD539F1E-5473-3498-802B-4A6AACB0C0E0}.RelWithDebInfo|x64.ActiveCfg = RelWithDebInfo|x64
		{AD539F1E-5473-3498-802B-4A6AACB0C0E0}.RelWithDebInfo|x64.Build.0 = RelWithDebInfo|x64
		{94DE7AE2-4305-32A2-A1D9-962C8477FD80}.Debug|Any CPU.ActiveCfg = Debug|x64
		{94DE7AE2-4305-32A2-A1D9-962C8477FD80}.Debug|Any CPU.Build.0 = Debug|x64
		{94DE7AE2-4305-32A2-A1D9-962C8477FD80}.Debug|x64.ActiveCfg = Debug|x64
		{94DE7AE2-4305-32A2-A1D9-962C8477FD80}.Debug|x64.Build.0 = Debug|x64
		{94DE7AE2-4305-32A2-A1D9-962C8477FD80}.MinSizeRel|Any CPU.ActiveCfg = MinSizeRel|x64
		{94DE7AE2-4305-32A2-A1D9-962C8477FD80}.MinSizeRel|Any CPU.Build.0 = MinSizeRel|x64
		{94DE7AE2-4305-32A2-A1D9-962C8477FD80}.MinSizeRel|x64.ActiveCfg = MinSizeRel|x64
		{94DE7AE2-4305-32A2-A1D9-962C8477FD80}.MinSizeRel|x64.Build.0 = MinSizeRel|x64
		{94DE7AE2-4305-32A2-A1D9-962C8477FD80}.Release|Any CPU.ActiveCfg = Release|x64
		{94DE7AE2-4305-32A2-A1D9-962C8477FD80}.Release|Any CPU.Build.0 = Release|x64
		{94DE7AE2-4305-32A2-A1D9-962C8477FD80}.Release|x64.ActiveCfg = Release|x64
		{94DE7AE2-4305-32A2-A1D9-962C8477FD80}.Release|x64.Build.0 = Release|x64
		{94DE7AE2-4305-32A2-A1D9-962C8477FD80}.RelWithDebInfo|Any CPU.ActiveCfg = RelWithDebInfo|x64
		{94DE7AE2-4305-32A2-A1D9-962C8477FD80}.RelWithDebInfo|Any CPU.Build.0 = RelWithDebInfo|x64
		{94DE7AE2-4305-32A2-A1D9-962C8477FD80}.RelWithDebInfo|x64.ActiveCfg = RelWithDebInfo|x64
		{94DE7AE2-4305-32A2-A1D9-962C8477FD80}.RelWithDebInfo|x64.Build.0 = RelWithDebInfo|x64
		{C831C1F0-3B76-3080-B8C4-151A1890C2B6}.Debug|Any CPU.ActiveCfg = Debug|x64
		{C831C1F0-3B76-3080-B8C4-151A1890C2B6}.Debug|Any CPU.Build.0 = Debug|x64
		{C831C1F0-3B76-3080-B8C4-151A1890C2B6}.Debug|x64.ActiveCfg = Debug|x64
		{C831C1F0-3B76-3080-B8C4-151A1890C2B6}.Debug|x64.Build.0 = Debug|x64
		{C831C1F0-3B76-3080-B8C4-151A1890C2B6}.MinSizeRel|Any CPU.ActiveCfg = MinSizeRel|x64
		{C831C1F0-3B76-3080-B8C4-151A1890C2B6}.MinSizeRel|Any CPU.Build.0 = MinSizeRel|x64
		{C831C1F0-3B76-3080-B8C4-151A1890C2B6}.MinSizeRel|x64.ActiveCfg = MinSizeRel|x64
		{C831C1F0-3B76-3080-B8C4-151A1890C2B6}.MinSizeRel|x64.Build.0 = MinSizeRel|x64
		{C831C1F0-3B76-3080-B8C4-151A1890C2B6}.Release|Any CPU.ActiveCfg = Release|x64
		{C831C1F0-3B76-3080-B8C4-151A1890C2B6}.Release|Any CPU.Build.0 = Release|x64
		{C831C1F0-3B76-3080-B8C4-151A1890C2B6}.Release|x64.ActiveCfg = Release|x64
		{C831C1F0-3B76-3080-B8C4-151A1890C2B6}.Release|x64.Build.0 = Release|x64
		{C831C1F0-3B76-3080-B8C4-151A1890C2B6}.RelWithDebInfo|Any CPU.ActiveCfg = RelWithDebInfo|x64
		{C831C1F0-3B76-3080-B8C4-151A1890C2B6}.RelWithDebInfo|Any CPU.Build.0 = RelWithDebInfo|x64
		{C831C1F0-3B76-3080-B8C4-151A1890C2B6}.RelWithDebInfo|x64.ActiveCfg = RelWithDebInfo|x64
		{C831C1F0-3B76-3080-B8C4-151A1890C2B6}.RelWithDebInfo|x64.Build.0 = RelWithDebInfo|x64
		{71BEF36C-A503-331A-836E-480BFE19A160}.Debug|Any CPU.ActiveCfg = Debug|x64
		{71BEF36C-A503-331A-836E-480BFE19A160}.Debug|Any CPU.Build.0 = Debug|x64
		{71BEF36C-A503-331A-836E-480BFE19A160}.Debug|x64.ActiveCfg = Debug|x64
		{71BEF36C-A503-331A-836E-480BFE19A160}.Debug|x64.Build.0 = Debug|x64
		{71BEF36C-A503-331A-836E-480BFE19A160}.MinSizeRel|Any CPU.ActiveCfg = MinSizeRel|x64
		{71BEF36C-A503-331A-836E-480BFE19A160}.MinSizeRel|Any CPU.Build.0 = MinSizeRel|x64
		{71BEF36C-A503-331A-836E-480BFE19A160}.MinSizeRel|x64.ActiveCfg = MinSizeRel|x64
		{71BEF36C-A503-331A-836E-480BFE19A160}.MinSizeRel|x64.Build.0 = MinSizeRel|x64
		{71BEF36C-A503-331A-836E-480BFE19A160}.Release|Any CPU.ActiveCfg = Release|x64
		{71BEF36C-A503-331A-836E-480BFE19A160}.Release|Any CPU.Build.0 = Release|x64
		{71BEF36C-A503-331A-836E-480BFE19A160}.Release|x64.ActiveCfg = Release|x64
		{71BEF36C-A503-331A-836E-480BFE19A160}.Release|x64.Build.0 = Release|x64
		{71BEF36C-A503-331A-836E-480BFE19A160}.RelWithDebInfo|Any CPU.ActiveCfg = RelWithDebInfo|x64
		{71BEF36C-A503-331A-836E-480BFE19A160}.RelWithDebInfo|Any CPU.Build.0 = RelWithDebInfo|x64
		{71BEF36C-A503-331A-836E-480BFE19A160}.RelWithDebInfo|x64.ActiveCfg = RelWithDebInfo|x64
		{71BEF36C-A503-331A-836E-480BFE19A160}.RelWithDebInfo|x64.Build.0 = RelWithDebInfo|x64
		{75CB16B8-2624-3481-8BC4-179E8AF30833}.Debug|Any CPU.ActiveCfg = Debug|x64
		{75CB16B8-2624-3481-8BC4-179E8AF30833}.Debug|Any CPU.Build.0 = Debug|x64
		{75CB16B8-2624-3481-8BC4-179E8AF30833}.Debug|x64.ActiveCfg = Debug|x64
		{75CB16B8-2624-3481-8BC4-179E8AF30833}.Debug|x64.Build.0 = Debug|x64
		{75CB16B8-2624-3481-8BC4-179E8AF30833}.MinSizeRel|Any CPU.ActiveCfg = MinSizeRel|x64
		{75CB16B8-2624-3481-8BC4-179E8AF30833}.MinSizeRel|Any CPU.Build.0 = MinSizeRel|x64
		{75CB16B8-2624-3481-8BC4-179E8AF30833}.MinSizeRel|x64.ActiveCfg = MinSizeRel|x64
		{75CB16B8-2624-3481-8BC4-179E8AF30833}.MinSizeRel|x64.Build.0 = MinSizeRel|x64
		{75CB16B8-2624-3481-8BC4-179E8AF30833}.Release|Any CPU.ActiveCfg = Release|x64
		{75CB16B8-2624-3481-8BC4-179E8AF30833}.Release|Any CPU.Build.0 = Release|x64
		{75CB16B8-2624-3481-8BC4-179E8AF30833}.Release|x64.ActiveCfg = Release|x64
		{75CB16B8-2624-3481-8BC4-179E8AF30833}.Release|x64.Build.0 = Release|x64
		{75CB16B8-2624-3481-8BC4-179E8AF30833}.RelWithDebInfo|Any CPU.ActiveCfg = RelWithDebInfo|x64
		{75CB16B8-2624-3481-8BC4-179E8AF30833}.RelWithDebInfo|Any CPU.Build.0 = RelWithDebInfo|x64
		{75CB16B8-2624-3481-8BC4-179E8AF30833}.RelWithDebInfo|x64.ActiveCfg = RelWithDebInfo|x64
		{75CB16B8-2624-3481-8BC4-179E8AF30833}.RelWithDebInfo|x64.Build.0 = RelWithDebInfo|x64
		{0928257D-2E86-3AE8-9468-FD19B0552926}.Debug|Any CPU.ActiveCfg = Debug|x64
		{0928257D-2E86-3AE8-9468-FD19B0552926}.Debug|Any CPU.Build.0 = Debug|x64
		{0928257D-2E86-3AE8-9468-FD19B0552926}.Debug|x64.ActiveCfg = Debug|x64
		{0928257D-2E86-3AE8-9468-FD19B0552926}.Debug|x64.Build.0 = Debug|x64
		{0928257D-2E86-3AE8-9468-FD19B0552926}.MinSizeRel|Any CPU.ActiveCfg = MinSizeRel|x64
		{0928257D-2E86-3AE8-9468-FD19B0552926}.MinSizeRel|Any CPU.Build.0 = MinSizeRel|x64
		{0928257D-2E86-3AE8-9468-FD19B0552926}.MinSizeRel|x64.ActiveCfg = MinSizeRel|x64
		{0928257D-2E86-3AE8-9468-FD19B0552926}.MinSizeRel|x64.Build.0 = MinSizeRel|x64
		{0928257D-2E86-3AE8-9468-FD19B0552926}.Release|Any CPU.ActiveCfg = Release|x64
		{0928257D-2E86-3AE8-9468-FD19B0552926}.Release|Any CPU.Build.0 = Release|x64
		{0928257D-2E86-3AE8-9468-FD19B0552926}.Release|x64.ActiveCfg = Release|x64
		{0928257D-2E86-3AE8-9468-FD19B0552926}.Release|x64.Build.0 = Release|x64
		{0928257D-2E86-3AE8-9468-FD19B0552926}.RelWithDebInfo|Any CPU.ActiveCfg = RelWithDebInfo|x64
		{0928257D-2E86-3AE8-9468-FD19B0552926}.RelWithDebInfo|Any CPU.Build.0 = RelWithDebInfo|x64
		{0928257D-2E86-3AE8-9468-FD19B0552926}.RelWithDebInfo|x64.ActiveCfg = RelWithDebInfo|x64
		{0928257D-2E86-3AE8-9468-FD19B0552926}.RelWithDebInfo|x64.Build.0 = RelWithDebInfo|x64
		{C61F8126-CE16-4724-A493-5272870C19B0}.Debug|Any CPU.ActiveCfg = Debug|x64
		{C61F8126-CE16-4724-A493-5272870C19B0}.Debug|Any CPU.Build.0 = Debug|x64
		{C61F8126-CE16-4724-A493-5272870C19B0}.Debug|x64.ActiveCfg = Debug|x64
		{C61F8126-CE16-4724-A493-5272870C19B0}.Debug|x64.Build.0 = Debug|x64
		{C61F8126-CE16-4724-A493-5272870C19B0}.MinSizeRel|Any CPU.ActiveCfg = Release|x64
		{C61F8126-CE16-4724-A493-5272870C19B0}.MinSizeRel|Any CPU.Build.0 = Release|x64
		{C61F8126-CE16-4724-A493-5272870C19B0}.MinSizeRel|x64.ActiveCfg = Release|x64
		{C61F8126-CE16-4724-A493-5272870C19B0}.MinSizeRel|x64.Build.0 = Release|x64
		{C61F8126-CE16-4724-A493-5272870C19B0}.Release|Any CPU.ActiveCfg = Release|x64
		{C61F8126-CE16-4724-A493-5272870C19B0}.Release|Any CPU.Build.0 = Release|x64
		{C61F8126-CE16-4724-A493-5272870C19B0}.Release|x64.ActiveCfg = Release|x64
		{C61F8126-CE16-4724-A493-5272870C19B0}.Release|x64.Build.0 = Release|x64
		{C61F8126-CE16-4724-A493-5272870C19B0}.RelWithDebInfo|Any CPU.ActiveCfg = Debug|x64
		{C61F8126-CE16-4724-A493-5272870C19B0}.RelWithDebInfo|Any CPU.Build.0 = Debug|x64
		{C61F8126-CE16-4724-A493-5272870C19B0}.RelWithDebInfo|x64.ActiveCfg = Debug|x64
		{C61F8126-CE16-4724-A493-5272870C19B0}.RelWithDebInfo|x64.Build.0 = Debug|x64
		{F4B30C37-0D58-DED2-6B9A-9AE9EB3D0B05}.Debug|Any CPU.ActiveCfg = Debug|Any CPU
		{F4B30C37-0D58-DED2-6B9A-9AE9EB3D0B05}.Debug|Any CPU.Build.0 = Debug|Any CPU
		{F4B30C37-0D58-DED2-6B9A-9AE9EB3D0B05}.Debug|x64.ActiveCfg = Debug|x64
		{F4B30C37-0D58-DED2-6B9A-9AE9EB3D0B05}.Debug|x64.Build.0 = Debug|x64
		{F4B30C37-0D58-DED2-6B9A-9AE9EB3D0B05}.MinSizeRel|Any CPU.ActiveCfg = Release|Any CPU
		{F4B30C37-0D58-DED2-6B9A-9AE9EB3D0B05}.MinSizeRel|Any CPU.Build.0 = Release|Any CPU
		{F4B30C37-0D58-DED2-6B9A-9AE9EB3D0B05}.MinSizeRel|x64.ActiveCfg = Release|x64
		{F4B30C37-0D58-DED2-6B9A-9AE9EB3D0B05}.MinSizeRel|x64.Build.0 = Release|x64
		{F4B30C37-0D58-DED2-6B9A-9AE9EB3D0B05}.Release|Any CPU.ActiveCfg = Release|Any CPU
		{F4B30C37-0D58-DED2-6B9A-9AE9EB3D0B05}.Release|Any CPU.Build.0 = Release|Any CPU
		{F4B30C37-0D58-DED2-6B9A-9AE9EB3D0B05}.Release|x64.ActiveCfg = Release|x64
		{F4B30C37-0D58-DED2-6B9A-9AE9EB3D0B05}.Release|x64.Build.0 = Release|x64
		{F4B30C37-0D58-DED2-6B9A-9AE9EB3D0B05}.RelWithDebInfo|Any CPU.ActiveCfg = Debug|Any CPU
		{F4B30C37-0D58-DED2-6B9A-9AE9EB3D0B05}.RelWithDebInfo|Any CPU.Build.0 = Debug|Any CPU
		{F4B30C37-0D58-DED2-6B9A-9AE9EB3D0B05}.RelWithDebInfo|x64.ActiveCfg = Debug|x64
		{F4B30C37-0D58-DED2-6B9A-9AE9EB3D0B05}.RelWithDebInfo|x64.Build.0 = Debug|x64
		{660AFDC4-0851-42F4-D9A7-757AF978A6AB}.Debug|Any CPU.ActiveCfg = Debug|Any CPU
		{660AFDC4-0851-42F4-D9A7-757AF978A6AB}.Debug|Any CPU.Build.0 = Debug|Any CPU
		{660AFDC4-0851-42F4-D9A7-757AF978A6AB}.Debug|x64.ActiveCfg = Debug|x64
		{660AFDC4-0851-42F4-D9A7-757AF978A6AB}.Debug|x64.Build.0 = Debug|x64
		{660AFDC4-0851-42F4-D9A7-757AF978A6AB}.MinSizeRel|Any CPU.ActiveCfg = Release|Any CPU
		{660AFDC4-0851-42F4-D9A7-757AF978A6AB}.MinSizeRel|Any CPU.Build.0 = Release|Any CPU
		{660AFDC4-0851-42F4-D9A7-757AF978A6AB}.MinSizeRel|x64.ActiveCfg = Release|x64
		{660AFDC4-0851-42F4-D9A7-757AF978A6AB}.MinSizeRel|x64.Build.0 = Release|x64
		{660AFDC4-0851-42F4-D9A7-757AF978A6AB}.Release|Any CPU.ActiveCfg = Release|Any CPU
		{660AFDC4-0851-42F4-D9A7-757AF978A6AB}.Release|Any CPU.Build.0 = Release|Any CPU
		{660AFDC4-0851-42F4-D9A7-757AF978A6AB}.Release|x64.ActiveCfg = Release|x64
		{660AFDC4-0851-42F4-D9A7-757AF978A6AB}.Release|x64.Build.0 = Release|x64
		{660AFDC4-0851-42F4-D9A7-757AF978A6AB}.RelWithDebInfo|Any CPU.ActiveCfg = Debug|Any CPU
		{660AFDC4-0851-42F4-D9A7-757AF978A6AB}.RelWithDebInfo|Any CPU.Build.0 = Debug|Any CPU
		{660AFDC4-0851-42F4-D9A7-757AF978A6AB}.RelWithDebInfo|x64.ActiveCfg = Debug|x64
		{660AFDC4-0851-42F4-D9A7-757AF978A6AB}.RelWithDebInfo|x64.Build.0 = Debug|x64
	EndGlobalSection
	GlobalSection(SolutionProperties) = preSolution
		HideSolutionNode = FALSE
	EndGlobalSection
	GlobalSection(NestedProjects) = preSolution
		{9B3B0717-99B0-313D-A6A0-ECBF5B03CE3C} = {7F26CF40-2510-3EB4-8BCE-67BBBB583366}
		{A01C2EC3-8E34-32A9-A587-6EE10A4A2678} = {7F26CF40-2510-3EB4-8BCE-67BBBB583366}
		{3C9363B0-1F0A-366B-A094-34E8EBE322FB} = {7F26CF40-2510-3EB4-8BCE-67BBBB583366}
		{EDF319C7-1BE4-306C-B055-CB39BF5428FA} = {7F26CF40-2510-3EB4-8BCE-67BBBB583366}
	EndGlobalSection
	GlobalSection(ExtensibilityGlobals) = postSolution
		SolutionGuid = {5808EC52-19B1-3377-AEC8-D52C59910A8A}
	EndGlobalSection
EndGlobal
